// !$*UTF8*$!
{
	archiveVersion = 1;
	classes = {
	};
	objectVersion = 50;
	objects = {

/* Begin PBXBuildFile section */
		6083F3562367D87600B3B63D /* AppDelegate.swift in Sources */ = {isa = PBXBuildFile; fileRef = 6083F3552367D87600B3B63D /* AppDelegate.swift */; };
		6083F35F2367D87B00B3B63D /* Assets.xcassets in Resources */ = {isa = PBXBuildFile; fileRef = 6083F35E2367D87B00B3B63D /* Assets.xcassets */; };
		6083F3622367D87B00B3B63D /* LaunchScreen.storyboard in Resources */ = {isa = PBXBuildFile; fileRef = 6083F3602367D87B00B3B63D /* LaunchScreen.storyboard */; };
		6083F36D2367D87B00B3B63D /* ViperSampleTests.swift in Sources */ = {isa = PBXBuildFile; fileRef = 6083F36C2367D87B00B3B63D /* ViperSampleTests.swift */; };
		6083F3782367D87B00B3B63D /* ViperSampleUITests.swift in Sources */ = {isa = PBXBuildFile; fileRef = 6083F3772367D87B00B3B63D /* ViperSampleUITests.swift */; };
		6083F39A2367E9D200B3B63D /* User.swift in Sources */ = {isa = PBXBuildFile; fileRef = 6083F3992367E9D200B3B63D /* User.swift */; };
		6083F39C2367EA1000B3B63D /* Repository.swift in Sources */ = {isa = PBXBuildFile; fileRef = 6083F39B2367EA1000B3B63D /* Repository.swift */; };
		6083F39E2367EA3000B3B63D /* SearchResponse.swift in Sources */ = {isa = PBXBuildFile; fileRef = 6083F39D2367EA3000B3B63D /* SearchResponse.swift */; };
		6083F3A82367FAB900B3B63D /* GitHubAPI.swift in Sources */ = {isa = PBXBuildFile; fileRef = 6083F3A72367FAB900B3B63D /* GitHubAPI.swift */; };
		6083F3AA2367FACD00B3B63D /* GitHubClient.swift in Sources */ = {isa = PBXBuildFile; fileRef = 6083F3A92367FACD00B3B63D /* GitHubClient.swift */; };
		6083F3AC2367FAE600B3B63D /* SearchRepositoryInteractor.swift in Sources */ = {isa = PBXBuildFile; fileRef = 6083F3AB2367FAE600B3B63D /* SearchRepositoryInteractor.swift */; };
		6083F3AE2367FAF700B3B63D /* SearchHistoryInteractor.swift in Sources */ = {isa = PBXBuildFile; fileRef = 6083F3AD2367FAF700B3B63D /* SearchHistoryInteractor.swift */; };
		6083F3B02367FC2200B3B63D /* NSFetchRequestResult+extension.swift in Sources */ = {isa = PBXBuildFile; fileRef = 6083F3AF2367FC2200B3B63D /* NSFetchRequestResult+extension.swift */; };
		60A82E8E2369193000E5D99A /* UITableView+extension.swift in Sources */ = {isa = PBXBuildFile; fileRef = 60A82E8D2369193000E5D99A /* UITableView+extension.swift */; };
		60AF2AD92368058A00E85C01 /* SearchHistory+CoreDataClass.swift in Sources */ = {isa = PBXBuildFile; fileRef = 60AF2AD82368058A00E85C01 /* SearchHistory+CoreDataClass.swift */; };
		60AF2ADB236805DB00E85C01 /* SearchHistory+CoreDataProperties.swift in Sources */ = {isa = PBXBuildFile; fileRef = 60AF2ADA236805DB00E85C01 /* SearchHistory+CoreDataProperties.swift */; };
		60AF2ADF23681DBB00E85C01 /* RootRouter.swift in Sources */ = {isa = PBXBuildFile; fileRef = 60AF2ADE23681DBB00E85C01 /* RootRouter.swift */; };
		60AF2AEC2368231800E85C01 /* RepositoryListRouter.swift in Sources */ = {isa = PBXBuildFile; fileRef = 60AF2AEB2368231800E85C01 /* RepositoryListRouter.swift */; };
		60AF2AEE236824C900E85C01 /* RepositoryDetailRouter.swift in Sources */ = {isa = PBXBuildFile; fileRef = 60AF2AED236824C900E85C01 /* RepositoryDetailRouter.swift */; };
		60AF2AF123682AAA00E85C01 /* RepositoryListViewController.swift in Sources */ = {isa = PBXBuildFile; fileRef = 60AF2AEF23682AAA00E85C01 /* RepositoryListViewController.swift */; };
		60AF2AF223682AAA00E85C01 /* RepositoryListViewController.xib in Resources */ = {isa = PBXBuildFile; fileRef = 60AF2AF023682AAA00E85C01 /* RepositoryListViewController.xib */; };
		60AF2AF523682AEB00E85C01 /* RepositoryCell.swift in Sources */ = {isa = PBXBuildFile; fileRef = 60AF2AF323682AEB00E85C01 /* RepositoryCell.swift */; };
		60AF2AF623682AEB00E85C01 /* RepositoryCell.xib in Resources */ = {isa = PBXBuildFile; fileRef = 60AF2AF423682AEB00E85C01 /* RepositoryCell.xib */; };
		60AF2AF923682B1F00E85C01 /* RepositoryDetailViewController.swift in Sources */ = {isa = PBXBuildFile; fileRef = 60AF2AF723682B1F00E85C01 /* RepositoryDetailViewController.swift */; };
		60AF2AFA23682B1F00E85C01 /* RepositoryDetailViewController.xib in Resources */ = {isa = PBXBuildFile; fileRef = 60AF2AF823682B1F00E85C01 /* RepositoryDetailViewController.xib */; };
		60F58EEB23692649008D07E2 /* viper-sample.xcdatamodeld in Sources */ = {isa = PBXBuildFile; fileRef = 60F58EE923692649008D07E2 /* viper-sample.xcdatamodeld */; };
		60F58EED23692697008D07E2 /* Default-568h@2x.png in Resources */ = {isa = PBXBuildFile; fileRef = 60F58EEC23692697008D07E2 /* Default-568h@2x.png */; };
/* End PBXBuildFile section */

/* Begin PBXContainerItemProxy section */
		6083F3692367D87B00B3B63D /* PBXContainerItemProxy */ = {
			isa = PBXContainerItemProxy;
			containerPortal = 6083F34A2367D87600B3B63D /* Project object */;
			proxyType = 1;
			remoteGlobalIDString = 6083F3512367D87600B3B63D;
			remoteInfo = ViperSample;
		};
		6083F3742367D87B00B3B63D /* PBXContainerItemProxy */ = {
			isa = PBXContainerItemProxy;
			containerPortal = 6083F34A2367D87600B3B63D /* Project object */;
			proxyType = 1;
			remoteGlobalIDString = 6083F3512367D87600B3B63D;
			remoteInfo = ViperSample;
		};
/* End PBXContainerItemProxy section */

/* Begin PBXFileReference section */
		6083F3522367D87600B3B63D /* ViperSample.app */ = {isa = PBXFileReference; explicitFileType = wrapper.application; includeInIndex = 0; path = ViperSample.app; sourceTree = BUILT_PRODUCTS_DIR; };
		6083F3552367D87600B3B63D /* AppDelegate.swift */ = {isa = PBXFileReference; lastKnownFileType = sourcecode.swift; path = AppDelegate.swift; sourceTree = "<group>"; };
		6083F35E2367D87B00B3B63D /* Assets.xcassets */ = {isa = PBXFileReference; lastKnownFileType = folder.assetcatalog; path = Assets.xcassets; sourceTree = "<group>"; };
		6083F3612367D87B00B3B63D /* Base */ = {isa = PBXFileReference; lastKnownFileType = file.storyboard; name = Base; path = Base.lproj/LaunchScreen.storyboard; sourceTree = "<group>"; };
		6083F3632367D87B00B3B63D /* Info.plist */ = {isa = PBXFileReference; lastKnownFileType = text.plist.xml; path = Info.plist; sourceTree = "<group>"; };
		6083F3682367D87B00B3B63D /* ViperSampleTests.xctest */ = {isa = PBXFileReference; explicitFileType = wrapper.cfbundle; includeInIndex = 0; path = ViperSampleTests.xctest; sourceTree = BUILT_PRODUCTS_DIR; };
		6083F36C2367D87B00B3B63D /* ViperSampleTests.swift */ = {isa = PBXFileReference; lastKnownFileType = sourcecode.swift; path = ViperSampleTests.swift; sourceTree = "<group>"; };
		6083F36E2367D87B00B3B63D /* Info.plist */ = {isa = PBXFileReference; lastKnownFileType = text.plist.xml; path = Info.plist; sourceTree = "<group>"; };
		6083F3732367D87B00B3B63D /* ViperSampleUITests.xctest */ = {isa = PBXFileReference; explicitFileType = wrapper.cfbundle; includeInIndex = 0; path = ViperSampleUITests.xctest; sourceTree = BUILT_PRODUCTS_DIR; };
		6083F3772367D87B00B3B63D /* ViperSampleUITests.swift */ = {isa = PBXFileReference; lastKnownFileType = sourcecode.swift; path = ViperSampleUITests.swift; sourceTree = "<group>"; };
		6083F3792367D87B00B3B63D /* Info.plist */ = {isa = PBXFileReference; lastKnownFileType = text.plist.xml; path = Info.plist; sourceTree = "<group>"; };
		6083F3992367E9D200B3B63D /* User.swift */ = {isa = PBXFileReference; lastKnownFileType = sourcecode.swift; path = User.swift; sourceTree = "<group>"; };
		6083F39B2367EA1000B3B63D /* Repository.swift */ = {isa = PBXFileReference; lastKnownFileType = sourcecode.swift; path = Repository.swift; sourceTree = "<group>"; };
		6083F39D2367EA3000B3B63D /* SearchResponse.swift */ = {isa = PBXFileReference; lastKnownFileType = sourcecode.swift; path = SearchResponse.swift; sourceTree = "<group>"; };
		6083F3A72367FAB900B3B63D /* GitHubAPI.swift */ = {isa = PBXFileReference; lastKnownFileType = sourcecode.swift; path = GitHubAPI.swift; sourceTree = "<group>"; };
		6083F3A92367FACD00B3B63D /* GitHubClient.swift */ = {isa = PBXFileReference; lastKnownFileType = sourcecode.swift; path = GitHubClient.swift; sourceTree = "<group>"; };
		6083F3AB2367FAE600B3B63D /* SearchRepositoryInteractor.swift */ = {isa = PBXFileReference; lastKnownFileType = sourcecode.swift; path = SearchRepositoryInteractor.swift; sourceTree = "<group>"; };
		6083F3AD2367FAF700B3B63D /* SearchHistoryInteractor.swift */ = {isa = PBXFileReference; lastKnownFileType = sourcecode.swift; path = SearchHistoryInteractor.swift; sourceTree = "<group>"; };
		6083F3AF2367FC2200B3B63D /* NSFetchRequestResult+extension.swift */ = {isa = PBXFileReference; lastKnownFileType = sourcecode.swift; path = "NSFetchRequestResult+extension.swift"; sourceTree = "<group>"; };
		60A82E8D2369193000E5D99A /* UITableView+extension.swift */ = {isa = PBXFileReference; lastKnownFileType = sourcecode.swift; path = "UITableView+extension.swift"; sourceTree = "<group>"; };
		60AF2AD82368058A00E85C01 /* SearchHistory+CoreDataClass.swift */ = {isa = PBXFileReference; lastKnownFileType = sourcecode.swift; path = "SearchHistory+CoreDataClass.swift"; sourceTree = "<group>"; };
		60AF2ADA236805DB00E85C01 /* SearchHistory+CoreDataProperties.swift */ = {isa = PBXFileReference; lastKnownFileType = sourcecode.swift; path = "SearchHistory+CoreDataProperties.swift"; sourceTree = "<group>"; };
		60AF2ADE23681DBB00E85C01 /* RootRouter.swift */ = {isa = PBXFileReference; lastKnownFileType = sourcecode.swift; path = RootRouter.swift; sourceTree = "<group>"; };
		60AF2AEB2368231800E85C01 /* RepositoryListRouter.swift */ = {isa = PBXFileReference; lastKnownFileType = sourcecode.swift; path = RepositoryListRouter.swift; sourceTree = "<group>"; };
		60AF2AED236824C900E85C01 /* RepositoryDetailRouter.swift */ = {isa = PBXFileReference; lastKnownFileType = sourcecode.swift; path = RepositoryDetailRouter.swift; sourceTree = "<group>"; };
		60AF2AEF23682AAA00E85C01 /* RepositoryListViewController.swift */ = {isa = PBXFileReference; lastKnownFileType = sourcecode.swift; path = RepositoryListViewController.swift; sourceTree = "<group>"; };
		60AF2AF023682AAA00E85C01 /* RepositoryListViewController.xib */ = {isa = PBXFileReference; lastKnownFileType = file.xib; path = RepositoryListViewController.xib; sourceTree = "<group>"; };
		60AF2AF323682AEB00E85C01 /* RepositoryCell.swift */ = {isa = PBXFileReference; lastKnownFileType = sourcecode.swift; path = RepositoryCell.swift; sourceTree = "<group>"; };
		60AF2AF423682AEB00E85C01 /* RepositoryCell.xib */ = {isa = PBXFileReference; lastKnownFileType = file.xib; path = RepositoryCell.xib; sourceTree = "<group>"; };
		60AF2AF723682B1F00E85C01 /* RepositoryDetailViewController.swift */ = {isa = PBXFileReference; lastKnownFileType = sourcecode.swift; path = RepositoryDetailViewController.swift; sourceTree = "<group>"; };
		60AF2AF823682B1F00E85C01 /* RepositoryDetailViewController.xib */ = {isa = PBXFileReference; lastKnownFileType = file.xib; path = RepositoryDetailViewController.xib; sourceTree = "<group>"; };
		60F58EEA23692649008D07E2 /* Model.xcdatamodel */ = {isa = PBXFileReference; lastKnownFileType = wrapper.xcdatamodel; path = Model.xcdatamodel; sourceTree = "<group>"; };
		60F58EEC23692697008D07E2 /* Default-568h@2x.png */ = {isa = PBXFileReference; lastKnownFileType = image.png; path = "Default-568h@2x.png"; sourceTree = "<group>"; };
/* End PBXFileReference section */

/* Begin PBXFrameworksBuildPhase section */
		6083F34F2367D87600B3B63D /* Frameworks */ = {
			isa = PBXFrameworksBuildPhase;
			buildActionMask = 2147483647;
			files = (
			);
			runOnlyForDeploymentPostprocessing = 0;
		};
		6083F3652367D87B00B3B63D /* Frameworks */ = {
			isa = PBXFrameworksBuildPhase;
			buildActionMask = 2147483647;
			files = (
			);
			runOnlyForDeploymentPostprocessing = 0;
		};
		6083F3702367D87B00B3B63D /* Frameworks */ = {
			isa = PBXFrameworksBuildPhase;
			buildActionMask = 2147483647;
			files = (
			);
			runOnlyForDeploymentPostprocessing = 0;
		};
/* End PBXFrameworksBuildPhase section */

/* Begin PBXGroup section */
		6083F3492367D87600B3B63D = {
			isa = PBXGroup;
			children = (
				60F58EEC23692697008D07E2 /* Default-568h@2x.png */,
				6083F3542367D87600B3B63D /* ViperSample */,
				6083F36B2367D87B00B3B63D /* ViperSampleTests */,
				6083F3762367D87B00B3B63D /* ViperSampleUITests */,
				6083F3532367D87600B3B63D /* Products */,
			);
			sourceTree = "<group>";
		};
		6083F3532367D87600B3B63D /* Products */ = {
			isa = PBXGroup;
			children = (
				6083F3522367D87600B3B63D /* ViperSample.app */,
				6083F3682367D87B00B3B63D /* ViperSampleTests.xctest */,
				6083F3732367D87B00B3B63D /* ViperSampleUITests.xctest */,
			);
			name = Products;
			sourceTree = "<group>";
		};
		6083F3542367D87600B3B63D /* ViperSample */ = {
			isa = PBXGroup;
			children = (
				6083F3852367DDCD00B3B63D /* application */,
				6083F3862367DDF900B3B63D /* modules */,
				6083F3872367DE2800B3B63D /* data */,
				6083F3882367DE4200B3B63D /* enitities */,
				6083F3892367DE6000B3B63D /* extensions */,
				6083F38A2367DE8200B3B63D /* resources */,
			);
			path = ViperSample;
			sourceTree = "<group>";
		};
		6083F36B2367D87B00B3B63D /* ViperSampleTests */ = {
			isa = PBXGroup;
			children = (
				6083F36C2367D87B00B3B63D /* ViperSampleTests.swift */,
				6083F36E2367D87B00B3B63D /* Info.plist */,
			);
			path = ViperSampleTests;
			sourceTree = "<group>";
		};
		6083F3762367D87B00B3B63D /* ViperSampleUITests */ = {
			isa = PBXGroup;
			children = (
				6083F3772367D87B00B3B63D /* ViperSampleUITests.swift */,
				6083F3792367D87B00B3B63D /* Info.plist */,
			);
			path = ViperSampleUITests;
			sourceTree = "<group>";
		};
		6083F3852367DDCD00B3B63D /* application */ = {
			isa = PBXGroup;
			children = (
				6083F3632367D87B00B3B63D /* Info.plist */,
				6083F3552367D87600B3B63D /* AppDelegate.swift */,
				6083F3602367D87B00B3B63D /* LaunchScreen.storyboard */,
				60F58EE923692649008D07E2 /* viper-sample.xcdatamodeld */,
			);
			path = application;
			sourceTree = "<group>";
		};
		6083F3862367DDF900B3B63D /* modules */ = {
			isa = PBXGroup;
			children = (
				6083F38B2367DFB600B3B63D /* Root */,
				6083F38E2367E04800B3B63D /* RepositoryList */,
				6083F38F2367E05F00B3B63D /* RepositoryDetail */,
			);
			path = modules;
			sourceTree = "<group>";
		};
		6083F3872367DE2800B3B63D /* data */ = {
			isa = PBXGroup;
			children = (
				6083F38C2367DFF300B3B63D /* Interactor */,
				6083F38D2367E00300B3B63D /* api */,
			);
			path = data;
			sourceTree = "<group>";
		};
		6083F3882367DE4200B3B63D /* enitities */ = {
			isa = PBXGroup;
			children = (
				6083F3992367E9D200B3B63D /* User.swift */,
				6083F39B2367EA1000B3B63D /* Repository.swift */,
				6083F39D2367EA3000B3B63D /* SearchResponse.swift */,
			);
			path = enitities;
			sourceTree = "<group>";
		};
		6083F3892367DE6000B3B63D /* extensions */ = {
			isa = PBXGroup;
			children = (
				6083F3AF2367FC2200B3B63D /* NSFetchRequestResult+extension.swift */,
				60A82E8D2369193000E5D99A /* UITableView+extension.swift */,
			);
			path = extensions;
			sourceTree = "<group>";
		};
		6083F38A2367DE8200B3B63D /* resources */ = {
			isa = PBXGroup;
			children = (
				6083F35E2367D87B00B3B63D /* Assets.xcassets */,
			);
			path = resources;
			sourceTree = "<group>";
		};
		6083F38B2367DFB600B3B63D /* Root */ = {
			isa = PBXGroup;
			children = (
				60AF2ADE23681DBB00E85C01 /* RootRouter.swift */,
			);
			path = Root;
			sourceTree = "<group>";
		};
		6083F38C2367DFF300B3B63D /* Interactor */ = {
			isa = PBXGroup;
			children = (
				6083F3912367E0AA00B3B63D /* SearchRepository */,
				6083F3922367E0B500B3B63D /* SearchHistory */,
			);
			path = Interactor;
			sourceTree = "<group>";
		};
		6083F38D2367E00300B3B63D /* api */ = {
			isa = PBXGroup;
			children = (
				6083F3902367E08E00B3B63D /* GitHubClient */,
			);
			path = api;
			sourceTree = "<group>";
		};
		6083F38E2367E04800B3B63D /* RepositoryList */ = {
			isa = PBXGroup;
			children = (
				6083F3972367E11B00B3B63D /* Router */,
				6083F3932367E0E800B3B63D /* View */,
				6083F3952367E0FB00B3B63D /* Presenter */,
			);
			path = RepositoryList;
			sourceTree = "<group>";
		};
		6083F38F2367E05F00B3B63D /* RepositoryDetail */ = {
			isa = PBXGroup;
			children = (
				6083F3982367E12000B3B63D /* Router */,
				6083F3942367E0F000B3B63D /* View */,
				6083F3962367E10000B3B63D /* Presenter */,
			);
			path = RepositoryDetail;
			sourceTree = "<group>";
		};
		6083F3902367E08E00B3B63D /* GitHubClient */ = {
			isa = PBXGroup;
			children = (
				6083F3A72367FAB900B3B63D /* GitHubAPI.swift */,
				6083F3A92367FACD00B3B63D /* GitHubClient.swift */,
			);
			path = GitHubClient;
			sourceTree = "<group>";
		};
		6083F3912367E0AA00B3B63D /* SearchRepository */ = {
			isa = PBXGroup;
			children = (
				6083F3AB2367FAE600B3B63D /* SearchRepositoryInteractor.swift */,
			);
			path = SearchRepository;
			sourceTree = "<group>";
		};
		6083F3922367E0B500B3B63D /* SearchHistory */ = {
			isa = PBXGroup;
			children = (
				6083F3AD2367FAF700B3B63D /* SearchHistoryInteractor.swift */,
				60AF2AD82368058A00E85C01 /* SearchHistory+CoreDataClass.swift */,
				60AF2ADA236805DB00E85C01 /* SearchHistory+CoreDataProperties.swift */,
			);
			path = SearchHistory;
			sourceTree = "<group>";
		};
		6083F3932367E0E800B3B63D /* View */ = {
			isa = PBXGroup;
			children = (
				60AF2AEF23682AAA00E85C01 /* RepositoryListViewController.swift */,
				60AF2AF023682AAA00E85C01 /* RepositoryListViewController.xib */,
				60AF2AE62368211900E85C01 /* SubView */,
			);
			path = View;
			sourceTree = "<group>";
		};
		6083F3942367E0F000B3B63D /* View */ = {
			isa = PBXGroup;
			children = (
				60AF2AF723682B1F00E85C01 /* RepositoryDetailViewController.swift */,
				60AF2AF823682B1F00E85C01 /* RepositoryDetailViewController.xib */,
			);
			path = View;
			sourceTree = "<group>";
		};
		6083F3952367E0FB00B3B63D /* Presenter */ = {
			isa = PBXGroup;
			children = (
			);
			path = Presenter;
			sourceTree = "<group>";
		};
		6083F3962367E10000B3B63D /* Presenter */ = {
			isa = PBXGroup;
			children = (
			);
			path = Presenter;
			sourceTree = "<group>";
		};
		6083F3972367E11B00B3B63D /* Router */ = {
			isa = PBXGroup;
			children = (
				60AF2AEB2368231800E85C01 /* RepositoryListRouter.swift */,
			);
			path = Router;
			sourceTree = "<group>";
		};
		6083F3982367E12000B3B63D /* Router */ = {
			isa = PBXGroup;
			children = (
				60AF2AED236824C900E85C01 /* RepositoryDetailRouter.swift */,
			);
			path = Router;
			sourceTree = "<group>";
		};
		60AF2AE62368211900E85C01 /* SubView */ = {
			isa = PBXGroup;
			children = (
				60AF2AF323682AEB00E85C01 /* RepositoryCell.swift */,
				60AF2AF423682AEB00E85C01 /* RepositoryCell.xib */,
			);
			path = SubView;
			sourceTree = "<group>";
		};
/* End PBXGroup section */

/* Begin PBXNativeTarget section */
		6083F3512367D87600B3B63D /* ViperSample */ = {
			isa = PBXNativeTarget;
			buildConfigurationList = 6083F37C2367D87B00B3B63D /* Build configuration list for PBXNativeTarget "ViperSample" */;
			buildPhases = (
				6083F34E2367D87600B3B63D /* Sources */,
				6083F34F2367D87600B3B63D /* Frameworks */,
				6083F3502367D87600B3B63D /* Resources */,
			);
			buildRules = (
			);
			dependencies = (
			);
			name = ViperSample;
			productName = ViperSample;
			productReference = 6083F3522367D87600B3B63D /* ViperSample.app */;
			productType = "com.apple.product-type.application";
		};
		6083F3672367D87B00B3B63D /* ViperSampleTests */ = {
			isa = PBXNativeTarget;
			buildConfigurationList = 6083F37F2367D87B00B3B63D /* Build configuration list for PBXNativeTarget "ViperSampleTests" */;
			buildPhases = (
				6083F3642367D87B00B3B63D /* Sources */,
				6083F3652367D87B00B3B63D /* Frameworks */,
				6083F3662367D87B00B3B63D /* Resources */,
			);
			buildRules = (
			);
			dependencies = (
				6083F36A2367D87B00B3B63D /* PBXTargetDependency */,
			);
			name = ViperSampleTests;
			productName = ViperSampleTests;
			productReference = 6083F3682367D87B00B3B63D /* ViperSampleTests.xctest */;
			productType = "com.apple.product-type.bundle.unit-test";
		};
		6083F3722367D87B00B3B63D /* ViperSampleUITests */ = {
			isa = PBXNativeTarget;
			buildConfigurationList = 6083F3822367D87B00B3B63D /* Build configuration list for PBXNativeTarget "ViperSampleUITests" */;
			buildPhases = (
				6083F36F2367D87B00B3B63D /* Sources */,
				6083F3702367D87B00B3B63D /* Frameworks */,
				6083F3712367D87B00B3B63D /* Resources */,
			);
			buildRules = (
			);
			dependencies = (
				6083F3752367D87B00B3B63D /* PBXTargetDependency */,
			);
			name = ViperSampleUITests;
			productName = ViperSampleUITests;
			productReference = 6083F3732367D87B00B3B63D /* ViperSampleUITests.xctest */;
			productType = "com.apple.product-type.bundle.ui-testing";
		};
/* End PBXNativeTarget section */

/* Begin PBXProject section */
		6083F34A2367D87600B3B63D /* Project object */ = {
			isa = PBXProject;
			attributes = {
				LastSwiftUpdateCheck = 1110;
				LastUpgradeCheck = 1110;
				ORGANIZATIONNAME = "渡辺 健一";
				TargetAttributes = {
					6083F3512367D87600B3B63D = {
						CreatedOnToolsVersion = 11.1;
					};
					6083F3672367D87B00B3B63D = {
						CreatedOnToolsVersion = 11.1;
						TestTargetID = 6083F3512367D87600B3B63D;
					};
					6083F3722367D87B00B3B63D = {
						CreatedOnToolsVersion = 11.1;
						TestTargetID = 6083F3512367D87600B3B63D;
					};
				};
			};
			buildConfigurationList = 6083F34D2367D87600B3B63D /* Build configuration list for PBXProject "ViperSample" */;
			compatibilityVersion = "Xcode 9.3";
			developmentRegion = en;
			hasScannedForEncodings = 0;
			knownRegions = (
				en,
				Base,
			);
			mainGroup = 6083F3492367D87600B3B63D;
			productRefGroup = 6083F3532367D87600B3B63D /* Products */;
			projectDirPath = "";
			projectRoot = "";
			targets = (
				6083F3512367D87600B3B63D /* ViperSample */,
				6083F3672367D87B00B3B63D /* ViperSampleTests */,
				6083F3722367D87B00B3B63D /* ViperSampleUITests */,
			);
		};
/* End PBXProject section */

/* Begin PBXResourcesBuildPhase section */
		6083F3502367D87600B3B63D /* Resources */ = {
			isa = PBXResourcesBuildPhase;
			buildActionMask = 2147483647;
			files = (
				60AF2AF223682AAA00E85C01 /* RepositoryListViewController.xib in Resources */,
				60AF2AFA23682B1F00E85C01 /* RepositoryDetailViewController.xib in Resources */,
				6083F3622367D87B00B3B63D /* LaunchScreen.storyboard in Resources */,
				60AF2AF623682AEB00E85C01 /* RepositoryCell.xib in Resources */,
				6083F35F2367D87B00B3B63D /* Assets.xcassets in Resources */,
				60F58EED23692697008D07E2 /* Default-568h@2x.png in Resources */,
			);
			runOnlyForDeploymentPostprocessing = 0;
		};
		6083F3662367D87B00B3B63D /* Resources */ = {
			isa = PBXResourcesBuildPhase;
			buildActionMask = 2147483647;
			files = (
			);
			runOnlyForDeploymentPostprocessing = 0;
		};
		6083F3712367D87B00B3B63D /* Resources */ = {
			isa = PBXResourcesBuildPhase;
			buildActionMask = 2147483647;
			files = (
			);
			runOnlyForDeploymentPostprocessing = 0;
		};
/* End PBXResourcesBuildPhase section */

/* Begin PBXSourcesBuildPhase section */
		6083F34E2367D87600B3B63D /* Sources */ = {
			isa = PBXSourcesBuildPhase;
			buildActionMask = 2147483647;
			files = (
				60AF2AEC2368231800E85C01 /* RepositoryListRouter.swift in Sources */,
				60AF2AF923682B1F00E85C01 /* RepositoryDetailViewController.swift in Sources */,
				60AF2AD92368058A00E85C01 /* SearchHistory+CoreDataClass.swift in Sources */,
				6083F39A2367E9D200B3B63D /* User.swift in Sources */,
				6083F3AC2367FAE600B3B63D /* SearchRepositoryInteractor.swift in Sources */,
				60AF2ADF23681DBB00E85C01 /* RootRouter.swift in Sources */,
				6083F3AE2367FAF700B3B63D /* SearchHistoryInteractor.swift in Sources */,
				6083F39E2367EA3000B3B63D /* SearchResponse.swift in Sources */,
				6083F3B02367FC2200B3B63D /* NSFetchRequestResult+extension.swift in Sources */,
				60A82E8E2369193000E5D99A /* UITableView+extension.swift in Sources */,
				60AF2ADB236805DB00E85C01 /* SearchHistory+CoreDataProperties.swift in Sources */,
				6083F39C2367EA1000B3B63D /* Repository.swift in Sources */,
				60AF2AEE236824C900E85C01 /* RepositoryDetailRouter.swift in Sources */,
				6083F3562367D87600B3B63D /* AppDelegate.swift in Sources */,
				6083F3A82367FAB900B3B63D /* GitHubAPI.swift in Sources */,
				6083F3AA2367FACD00B3B63D /* GitHubClient.swift in Sources */,
				60AF2AF123682AAA00E85C01 /* RepositoryListViewController.swift in Sources */,
				60AF2AF523682AEB00E85C01 /* RepositoryCell.swift in Sources */,
				60F58EEB23692649008D07E2 /* viper-sample.xcdatamodeld in Sources */,
			);
			runOnlyForDeploymentPostprocessing = 0;
		};
		6083F3642367D87B00B3B63D /* Sources */ = {
			isa = PBXSourcesBuildPhase;
			buildActionMask = 2147483647;
			files = (
				6083F36D2367D87B00B3B63D /* ViperSampleTests.swift in Sources */,
			);
			runOnlyForDeploymentPostprocessing = 0;
		};
		6083F36F2367D87B00B3B63D /* Sources */ = {
			isa = PBXSourcesBuildPhase;
			buildActionMask = 2147483647;
			files = (
				6083F3782367D87B00B3B63D /* ViperSampleUITests.swift in Sources */,
			);
			runOnlyForDeploymentPostprocessing = 0;
		};
/* End PBXSourcesBuildPhase section */

/* Begin PBXTargetDependency section */
		6083F36A2367D87B00B3B63D /* PBXTargetDependency */ = {
			isa = PBXTargetDependency;
			target = 6083F3512367D87600B3B63D /* ViperSample */;
			targetProxy = 6083F3692367D87B00B3B63D /* PBXContainerItemProxy */;
		};
		6083F3752367D87B00B3B63D /* PBXTargetDependency */ = {
			isa = PBXTargetDependency;
			target = 6083F3512367D87600B3B63D /* ViperSample */;
			targetProxy = 6083F3742367D87B00B3B63D /* PBXContainerItemProxy */;
		};
/* End PBXTargetDependency section */

/* Begin PBXVariantGroup section */
		6083F3602367D87B00B3B63D /* LaunchScreen.storyboard */ = {
			isa = PBXVariantGroup;
			children = (
				6083F3612367D87B00B3B63D /* Base */,
			);
			name = LaunchScreen.storyboard;
			sourceTree = "<group>";
		};
/* End PBXVariantGroup section */

/* Begin XCBuildConfiguration section */
		6083F37A2367D87B00B3B63D /* Debug */ = {
			isa = XCBuildConfiguration;
			buildSettings = {
				ALWAYS_SEARCH_USER_PATHS = NO;
				CLANG_ANALYZER_NONNULL = YES;
				CLANG_ANALYZER_NUMBER_OBJECT_CONVERSION = YES_AGGRESSIVE;
				CLANG_CXX_LANGUAGE_STANDARD = "gnu++14";
				CLANG_CXX_LIBRARY = "libc++";
				CLANG_ENABLE_MODULES = YES;
				CLANG_ENABLE_OBJC_ARC = YES;
				CLANG_ENABLE_OBJC_WEAK = YES;
				CLANG_WARN_BLOCK_CAPTURE_AUTORELEASING = YES;
				CLANG_WARN_BOOL_CONVERSION = YES;
				CLANG_WARN_COMMA = YES;
				CLANG_WARN_CONSTANT_CONVERSION = YES;
				CLANG_WARN_DEPRECATED_OBJC_IMPLEMENTATIONS = YES;
				CLANG_WARN_DIRECT_OBJC_ISA_USAGE = YES_ERROR;
				CLANG_WARN_DOCUMENTATION_COMMENTS = YES;
				CLANG_WARN_EMPTY_BODY = YES;
				CLANG_WARN_ENUM_CONVERSION = YES;
				CLANG_WARN_INFINITE_RECURSION = YES;
				CLANG_WARN_INT_CONVERSION = YES;
				CLANG_WARN_NON_LITERAL_NULL_CONVERSION = YES;
				CLANG_WARN_OBJC_IMPLICIT_RETAIN_SELF = YES;
				CLANG_WARN_OBJC_LITERAL_CONVERSION = YES;
				CLANG_WARN_OBJC_ROOT_CLASS = YES_ERROR;
				CLANG_WARN_RANGE_LOOP_ANALYSIS = YES;
				CLANG_WARN_STRICT_PROTOTYPES = YES;
				CLANG_WARN_SUSPICIOUS_MOVE = YES;
				CLANG_WARN_UNGUARDED_AVAILABILITY = YES_AGGRESSIVE;
				CLANG_WARN_UNREACHABLE_CODE = YES;
				CLANG_WARN__DUPLICATE_METHOD_MATCH = YES;
				COPY_PHASE_STRIP = NO;
				DEBUG_INFORMATION_FORMAT = dwarf;
				ENABLE_STRICT_OBJC_MSGSEND = YES;
				ENABLE_TESTABILITY = YES;
				GCC_C_LANGUAGE_STANDARD = gnu11;
				GCC_DYNAMIC_NO_PIC = NO;
				GCC_NO_COMMON_BLOCKS = YES;
				GCC_OPTIMIZATION_LEVEL = 0;
				GCC_PREPROCESSOR_DEFINITIONS = (
					"DEBUG=1",
					"$(inherited)",
				);
				GCC_WARN_64_TO_32_BIT_CONVERSION = YES;
				GCC_WARN_ABOUT_RETURN_TYPE = YES_ERROR;
				GCC_WARN_UNDECLARED_SELECTOR = YES;
				GCC_WARN_UNINITIALIZED_AUTOS = YES_AGGRESSIVE;
				GCC_WARN_UNUSED_FUNCTION = YES;
				GCC_WARN_UNUSED_VARIABLE = YES;
				IPHONEOS_DEPLOYMENT_TARGET = 13.1;
				MTL_ENABLE_DEBUG_INFO = INCLUDE_SOURCE;
				MTL_FAST_MATH = YES;
				ONLY_ACTIVE_ARCH = YES;
				SDKROOT = iphoneos;
				SWIFT_ACTIVE_COMPILATION_CONDITIONS = DEBUG;
				SWIFT_OPTIMIZATION_LEVEL = "-Onone";
			};
			name = Debug;
		};
		6083F37B2367D87B00B3B63D /* Release */ = {
			isa = XCBuildConfiguration;
			buildSettings = {
				ALWAYS_SEARCH_USER_PATHS = NO;
				CLANG_ANALYZER_NONNULL = YES;
				CLANG_ANALYZER_NUMBER_OBJECT_CONVERSION = YES_AGGRESSIVE;
				CLANG_CXX_LANGUAGE_STANDARD = "gnu++14";
				CLANG_CXX_LIBRARY = "libc++";
				CLANG_ENABLE_MODULES = YES;
				CLANG_ENABLE_OBJC_ARC = YES;
				CLANG_ENABLE_OBJC_WEAK = YES;
				CLANG_WARN_BLOCK_CAPTURE_AUTORELEASING = YES;
				CLANG_WARN_BOOL_CONVERSION = YES;
				CLANG_WARN_COMMA = YES;
				CLANG_WARN_CONSTANT_CONVERSION = YES;
				CLANG_WARN_DEPRECATED_OBJC_IMPLEMENTATIONS = YES;
				CLANG_WARN_DIRECT_OBJC_ISA_USAGE = YES_ERROR;
				CLANG_WARN_DOCUMENTATION_COMMENTS = YES;
				CLANG_WARN_EMPTY_BODY = YES;
				CLANG_WARN_ENUM_CONVERSION = YES;
				CLANG_WARN_INFINITE_RECURSION = YES;
				CLANG_WARN_INT_CONVERSION = YES;
				CLANG_WARN_NON_LITERAL_NULL_CONVERSION = YES;
				CLANG_WARN_OBJC_IMPLICIT_RETAIN_SELF = YES;
				CLANG_WARN_OBJC_LITERAL_CONVERSION = YES;
				CLANG_WARN_OBJC_ROOT_CLASS = YES_ERROR;
				CLANG_WARN_RANGE_LOOP_ANALYSIS = YES;
				CLANG_WARN_STRICT_PROTOTYPES = YES;
				CLANG_WARN_SUSPICIOUS_MOVE = YES;
				CLANG_WARN_UNGUARDED_AVAILABILITY = YES_AGGRESSIVE;
				CLANG_WARN_UNREACHABLE_CODE = YES;
				CLANG_WARN__DUPLICATE_METHOD_MATCH = YES;
				COPY_PHASE_STRIP = NO;
				DEBUG_INFORMATION_FORMAT = "dwarf-with-dsym";
				ENABLE_NS_ASSERTIONS = NO;
				ENABLE_STRICT_OBJC_MSGSEND = YES;
				GCC_C_LANGUAGE_STANDARD = gnu11;
				GCC_NO_COMMON_BLOCKS = YES;
				GCC_WARN_64_TO_32_BIT_CONVERSION = YES;
				GCC_WARN_ABOUT_RETURN_TYPE = YES_ERROR;
				GCC_WARN_UNDECLARED_SELECTOR = YES;
				GCC_WARN_UNINITIALIZED_AUTOS = YES_AGGRESSIVE;
				GCC_WARN_UNUSED_FUNCTION = YES;
				GCC_WARN_UNUSED_VARIABLE = YES;
				IPHONEOS_DEPLOYMENT_TARGET = 13.1;
				MTL_ENABLE_DEBUG_INFO = NO;
				MTL_FAST_MATH = YES;
				SDKROOT = iphoneos;
				SWIFT_COMPILATION_MODE = wholemodule;
				SWIFT_OPTIMIZATION_LEVEL = "-O";
				VALIDATE_PRODUCT = YES;
			};
			name = Release;
		};
		6083F37D2367D87B00B3B63D /* Debug */ = {
			isa = XCBuildConfiguration;
			buildSettings = {
				ASSETCATALOG_COMPILER_APPICON_NAME = AppIcon;
				CODE_SIGN_STYLE = Automatic;
				INFOPLIST_FILE = ViperSample/application/Info.plist;
				LD_RUNPATH_SEARCH_PATHS = (
					"$(inherited)",
					"@executable_path/Frameworks",
				);
				PRODUCT_BUNDLE_IDENTIFIER = "-9841024.ViperSample";
				PRODUCT_NAME = "$(TARGET_NAME)";
				SWIFT_VERSION = 5.0;
				TARGETED_DEVICE_FAMILY = "1,2";
			};
			name = Debug;
		};
		6083F37E2367D87B00B3B63D /* Release */ = {
			isa = XCBuildConfiguration;
			buildSettings = {
				ASSETCATALOG_COMPILER_APPICON_NAME = AppIcon;
				CODE_SIGN_STYLE = Automatic;
				INFOPLIST_FILE = ViperSample/application/Info.plist;
				LD_RUNPATH_SEARCH_PATHS = (
					"$(inherited)",
					"@executable_path/Frameworks",
				);
				PRODUCT_BUNDLE_IDENTIFIER = "-9841024.ViperSample";
				PRODUCT_NAME = "$(TARGET_NAME)";
				SWIFT_VERSION = 5.0;
				TARGETED_DEVICE_FAMILY = "1,2";
			};
			name = Release;
		};
		6083F3802367D87B00B3B63D /* Debug */ = {
			isa = XCBuildConfiguration;
			buildSettings = {
				ALWAYS_EMBED_SWIFT_STANDARD_LIBRARIES = YES;
				BUNDLE_LOADER = "$(TEST_HOST)";
				CODE_SIGN_STYLE = Automatic;
				INFOPLIST_FILE = ViperSampleTests/Info.plist;
				IPHONEOS_DEPLOYMENT_TARGET = 13.1;
				LD_RUNPATH_SEARCH_PATHS = (
					"$(inherited)",
					"@executable_path/Frameworks",
					"@loader_path/Frameworks",
				);
				PRODUCT_BUNDLE_IDENTIFIER = "-9841024.ViperSampleTests";
				PRODUCT_NAME = "$(TARGET_NAME)";
				SWIFT_VERSION = 5.0;
				TARGETED_DEVICE_FAMILY = "1,2";
				TEST_HOST = "$(BUILT_PRODUCTS_DIR)/ViperSample.app/ViperSample";
			};
			name = Debug;
		};
		6083F3812367D87B00B3B63D /* Release */ = {
			isa = XCBuildConfiguration;
			buildSettings = {
				ALWAYS_EMBED_SWIFT_STANDARD_LIBRARIES = YES;
				BUNDLE_LOADER = "$(TEST_HOST)";
				CODE_SIGN_STYLE = Automatic;
				INFOPLIST_FILE = ViperSampleTests/Info.plist;
				IPHONEOS_DEPLOYMENT_TARGET = 13.1;
				LD_RUNPATH_SEARCH_PATHS = (
					"$(inherited)",
					"@executable_path/Frameworks",
					"@loader_path/Frameworks",
				);
				PRODUCT_BUNDLE_IDENTIFIER = "-9841024.ViperSampleTests";
				PRODUCT_NAME = "$(TARGET_NAME)";
				SWIFT_VERSION = 5.0;
				TARGETED_DEVICE_FAMILY = "1,2";
				TEST_HOST = "$(BUILT_PRODUCTS_DIR)/ViperSample.app/ViperSample";
			};
			name = Release;
		};
		6083F3832367D87B00B3B63D /* Debug */ = {
			isa = XCBuildConfiguration;
			buildSettings = {
				ALWAYS_EMBED_SWIFT_STANDARD_LIBRARIES = YES;
				CODE_SIGN_STYLE = Automatic;
				INFOPLIST_FILE = ViperSampleUITests/Info.plist;
				LD_RUNPATH_SEARCH_PATHS = (
					"$(inherited)",
					"@executable_path/Frameworks",
					"@loader_path/Frameworks",
				);
				PRODUCT_BUNDLE_IDENTIFIER = "-9841024.ViperSampleUITests";
				PRODUCT_NAME = "$(TARGET_NAME)";
				SWIFT_VERSION = 5.0;
				TARGETED_DEVICE_FAMILY = "1,2";
				TEST_TARGET_NAME = ViperSample;
			};
			name = Debug;
		};
		6083F3842367D87B00B3B63D /* Release */ = {
			isa = XCBuildConfiguration;
			buildSettings = {
				ALWAYS_EMBED_SWIFT_STANDARD_LIBRARIES = YES;
				CODE_SIGN_STYLE = Automatic;
				INFOPLIST_FILE = ViperSampleUITests/Info.plist;
				LD_RUNPATH_SEARCH_PATHS = (
					"$(inherited)",
					"@executable_path/Frameworks",
					"@loader_path/Frameworks",
				);
				PRODUCT_BUNDLE_IDENTIFIER = "-9841024.ViperSampleUITests";
				PRODUCT_NAME = "$(TARGET_NAME)";
				SWIFT_VERSION = 5.0;
				TARGETED_DEVICE_FAMILY = "1,2";
				TEST_TARGET_NAME = ViperSample;
			};
			name = Release;
		};
/* End XCBuildConfiguration section */

/* Begin XCConfigurationList section */
		6083F34D2367D87600B3B63D /* Build configuration list for PBXProject "ViperSample" */ = {
			isa = XCConfigurationList;
			buildConfigurations = (
				6083F37A2367D87B00B3B63D /* Debug */,
				6083F37B2367D87B00B3B63D /* Release */,
			);
			defaultConfigurationIsVisible = 0;
			defaultConfigurationName = Release;
		};
		6083F37C2367D87B00B3B63D /* Build configuration list for PBXNativeTarget "ViperSample" */ = {
			isa = XCConfigurationList;
			buildConfigurations = (
				6083F37D2367D87B00B3B63D /* Debug */,
				6083F37E2367D87B00B3B63D /* Release */,
			);
			defaultConfigurationIsVisible = 0;
			defaultConfigurationName = Release;
		};
		6083F37F2367D87B00B3B63D /* Build configuration list for PBXNativeTarget "ViperSampleTests" */ = {
			isa = XCConfigurationList;
			buildConfigurations = (
				6083F3802367D87B00B3B63D /* Debug */,
				6083F3812367D87B00B3B63D /* Release */,
			);
			defaultConfigurationIsVisible = 0;
			defaultConfigurationName = Release;
		};
		6083F3822367D87B00B3B63D /* Build configuration list for PBXNativeTarget "ViperSampleUITests" */ = {
			isa = XCConfigurationList;
			buildConfigurations = (
				6083F3832367D87B00B3B63D /* Debug */,
				6083F3842367D87B00B3B63D /* Release */,
			);
			defaultConfigurationIsVisible = 0;
			defaultConfigurationName = Release;
		};
/* End XCConfigurationList section */

/* Begin XCVersionGroup section */
		60F58EE923692649008D07E2 /* viper-sample.xcdatamodeld */ = {
			isa = XCVersionGroup;
			children = (
				60F58EEA23692649008D07E2 /* Model.xcdatamodel */,
			);
			currentVersion = 60F58EEA23692649008D07E2 /* Model.xcdatamodel */;
			name = "viper-sample.xcdatamodeld";
			path = "../../../viper-sample/viper-sample/application/viper-sample.xcdatamodeld";
			sourceTree = "<group>";
			versionGroupType = wrapper.xcdatamodel;
		};
/* End XCVersionGroup section */
	};
	rootObject = 6083F34A2367D87600B3B63D /* Project object */;
}
